// !$*UTF8*$!
{
	archiveVersion = 1;
	classes = {
	};
	objectVersion = 55;
	objects = {

/* Begin PBXBuildFile section */
		A6514B47292201A00060F746 /* 가장 큰 정사각형 찾기.swift in Sources */ = {isa = PBXBuildFile; fileRef = A6514B46292201A00060F746 /* 가장 큰 정사각형 찾기.swift */; };
		A6A90BF728E2D969000BA4E6 /* main.swift in Sources */ = {isa = PBXBuildFile; fileRef = A6A90BF328E2D929000BA4E6 /* main.swift */; };
/* End PBXBuildFile section */

/* Begin PBXCopyFilesBuildPhase section */
		A6E5BED128E2D7EE00EBEF7E /* CopyFiles */ = {
			isa = PBXCopyFilesBuildPhase;
			buildActionMask = 2147483647;
			dstPath = /usr/share/man/man1/;
			dstSubfolderSpec = 0;
			files = (
			);
			runOnlyForDeploymentPostprocessing = 1;
		};
/* End PBXCopyFilesBuildPhase section */

/* Begin PBXFileReference section */
		A6514AE5291399010060F746 /* 불량 사용자.swift */ = {isa = PBXFileReference; lastKnownFileType = sourcecode.swift; path = "불량 사용자.swift"; sourceTree = "<group>"; };
		A6514AE729149B470060F746 /* 보석 쇼핑.swift */ = {isa = PBXFileReference; lastKnownFileType = sourcecode.swift; path = "보석 쇼핑.swift"; sourceTree = "<group>"; };
		A6514AED291893CB0060F746 /* 할인 행사.swift */ = {isa = PBXFileReference; lastKnownFileType = sourcecode.swift; path = "할인 행사.swift"; sourceTree = "<group>"; };
		A6514B0F2919FBAB0060F746 /* 큰 수 만들기.swift */ = {isa = PBXFileReference; lastKnownFileType = sourcecode.swift; path = "큰 수 만들기.swift"; sourceTree = "<group>"; };
		A6514B11291B3A020060F746 /* 삼각 달팽이.swift */ = {isa = PBXFileReference; lastKnownFileType = sourcecode.swift; path = "삼각 달팽이.swift"; sourceTree = "<group>"; };
		A6514B13291B595F0060F746 /* 메뉴 리뉴얼.swift */ = {isa = PBXFileReference; lastKnownFileType = sourcecode.swift; path = "메뉴 리뉴얼.swift"; sourceTree = "<group>"; };
		A6514B1A291C93490060F746 /* 괄호 변환.swift */ = {isa = PBXFileReference; lastKnownFileType = sourcecode.swift; path = "괄호 변환.swift"; sourceTree = "<group>"; };
		A6514B1C291DD76F0060F746 /* 행렬 테두리 회전하기.swift */ = {isa = PBXFileReference; lastKnownFileType = sourcecode.swift; path = "행렬 테두리 회전하기.swift"; sourceTree = "<group>"; };
		A6514B1E291E2A440060F746 /* 방금 그곡.swift */ = {isa = PBXFileReference; lastKnownFileType = sourcecode.swift; path = "방금 그곡.swift"; sourceTree = "<group>"; };
		A6514B202921D8FF0060F746 /* 배달.swift */ = {isa = PBXFileReference; lastKnownFileType = sourcecode.swift; path = "배달.swift"; sourceTree = "<group>"; };
		A6514B46292201A00060F746 /* 가장 큰 정사각형 찾기.swift */ = {isa = PBXFileReference; lastKnownFileType = sourcecode.swift; path = "가장 큰 정사각형 찾기.swift"; sourceTree = "<group>"; };
		A6514B4B2924A6BE0060F746 /* 전력망을 둘로 나누기.swift */ = {isa = PBXFileReference; lastKnownFileType = sourcecode.swift; path = "전력망을 둘로 나누기.swift"; sourceTree = "<group>"; };
		A6514B4D2924B2BC0060F746 /* 멀쩡한 사각형.swift */ = {isa = PBXFileReference; lastKnownFileType = sourcecode.swift; path = "멀쩡한 사각형.swift"; sourceTree = "<group>"; };
		A6514B56292C6DCE0060F746 /* 문자열 압축.swift */ = {isa = PBXFileReference; lastKnownFileType = sourcecode.swift; path = "문자열 압축.swift"; sourceTree = "<group>"; };
		A6514B5A292DDC720060F746 /* 후보키.swift */ = {isa = PBXFileReference; lastKnownFileType = sourcecode.swift; path = "후보키.swift"; sourceTree = "<group>"; };
		A6514B5B292F06AE0060F746 /* 조이스틱.swift */ = {isa = PBXFileReference; lastKnownFileType = sourcecode.swift; path = "조이스틱.swift"; sourceTree = "<group>"; };
		A6514B5C292F36590060F746 /* N-Queen.swift */ = {isa = PBXFileReference; lastKnownFileType = sourcecode.swift; path = "N-Queen.swift"; sourceTree = "<group>"; };
		A657639A290B759A00BE2B18 /* 다리를 지나는 트럭.swift */ = {isa = PBXFileReference; lastKnownFileType = sourcecode.swift; path = "다리를 지나는 트럭.swift"; sourceTree = "<group>"; };
		A657639C290BA28700BE2B18 /* 가장 큰 수.swift */ = {isa = PBXFileReference; lastKnownFileType = sourcecode.swift; path = "가장 큰 수.swift"; sourceTree = "<group>"; };
		A65763C0290F67F800BE2B18 /* 소수 찾기2.swift */ = {isa = PBXFileReference; lastKnownFileType = sourcecode.swift; path = "소수 찾기2.swift"; sourceTree = "<group>"; };
		A65763D62910B85F00BE2B18 /* 쿼드압축 후 개수 세기.swift */ = {isa = PBXFileReference; lastKnownFileType = sourcecode.swift; path = "쿼드압축 후 개수 세기.swift"; sourceTree = "<group>"; };
		A65763DA2911F43A00BE2B18 /* 수식 최대화.swift */ = {isa = PBXFileReference; lastKnownFileType = sourcecode.swift; path = "수식 최대화.swift"; sourceTree = "<group>"; };
		A65763DC291210AC00BE2B18 /* 거리두기 확인하기.swift */ = {isa = PBXFileReference; lastKnownFileType = sourcecode.swift; path = "거리두기 확인하기.swift"; sourceTree = "<group>"; };
		A65763DE2912518D00BE2B18 /* 순열.swift */ = {isa = PBXFileReference; lastKnownFileType = sourcecode.swift; path = "순열.swift"; sourceTree = "<group>"; };
		A65763E02912543400BE2B18 /* 조합.swift */ = {isa = PBXFileReference; lastKnownFileType = sourcecode.swift; path = "조합.swift"; sourceTree = "<group>"; };
		A690695C28ED42C70070676A /* H-Index!.swift */ = {isa = PBXFileReference; lastKnownFileType = sourcecode.swift; path = "H-Index!.swift"; sourceTree = "<group>"; };
		A690695E28ED670F0070676A /* 괄호 회전하기.swift */ = {isa = PBXFileReference; lastKnownFileType = sourcecode.swift; path = "괄호 회전하기.swift"; sourceTree = "<group>"; };
		A690696028EE6BE00070676A /* 튜플!.swift */ = {isa = PBXFileReference; lastKnownFileType = sourcecode.swift; path = "튜플!.swift"; sourceTree = "<group>"; };
		A690696228EE7A900070676A /* n^2 배열 자르기!.swift */ = {isa = PBXFileReference; lastKnownFileType = sourcecode.swift; path = "n^2 배열 자르기!.swift"; sourceTree = "<group>"; };
		A690696428EFB9F00070676A /* 기능 개발.swift */ = {isa = PBXFileReference; lastKnownFileType = sourcecode.swift; path = "기능 개발.swift"; sourceTree = "<group>"; };
		A690696628EFDCC90070676A /* [1차] 뉴스 클러스터링.swift */ = {isa = PBXFileReference; lastKnownFileType = sourcecode.swift; path = "[1차] 뉴스 클러스터링.swift"; sourceTree = "<group>"; };
		A690698B28F4F9B10070676A /* 프린터.swift */ = {isa = PBXFileReference; lastKnownFileType = sourcecode.swift; path = "프린터.swift"; sourceTree = "<group>"; };
		A690698D28F50FF60070676A /* 타겟 넘버.swift */ = {isa = PBXFileReference; lastKnownFileType = sourcecode.swift; path = "타겟 넘버.swift"; sourceTree = "<group>"; };
		A690699128F6509B0070676A /* 압축.swift */ = {isa = PBXFileReference; lastKnownFileType = sourcecode.swift; path = "압축.swift"; sourceTree = "<group>"; };
		A690699B28F7F8250070676A /* 오픈채팅방.swift */ = {isa = PBXFileReference; lastKnownFileType = sourcecode.swift; path = "오픈채팅방.swift"; sourceTree = "<group>"; };
		A690699D28FCE6800070676A /* n진수 게임.swift */ = {isa = PBXFileReference; lastKnownFileType = sourcecode.swift; path = "n진수 게임.swift"; sourceTree = "<group>"; };
		A6A90BF328E2D929000BA4E6 /* main.swift */ = {isa = PBXFileReference; lastKnownFileType = sourcecode.swift; path = main.swift; sourceTree = "<group>"; };
		A6DB56752906769100A0BBD8 /* 프렌즈4블록.swift */ = {isa = PBXFileReference; lastKnownFileType = sourcecode.swift; path = "프렌즈4블록.swift"; sourceTree = "<group>"; };
		A6DB56772907721300A0BBD8 /* 땅따먹기.swift */ = {isa = PBXFileReference; lastKnownFileType = sourcecode.swift; path = "땅따먹기.swift"; sourceTree = "<group>"; };
		A6DB56792907855D00A0BBD8 /* 스킬트리.swift */ = {isa = PBXFileReference; lastKnownFileType = sourcecode.swift; path = "스킬트리.swift"; sourceTree = "<group>"; };
		A6DB567B2908CBC900A0BBD8 /* 방문 길이.swift */ = {isa = PBXFileReference; lastKnownFileType = sourcecode.swift; path = "방문 길이.swift"; sourceTree = "<group>"; };
		A6DB567D29090FBA00A0BBD8 /* 파일명 정렬.swift */ = {isa = PBXFileReference; lastKnownFileType = sourcecode.swift; path = "파일명 정렬.swift"; sourceTree = "<group>"; };
		A6DB567F290A0AAB00A0BBD8 /* 모음사전.swift */ = {isa = PBXFileReference; lastKnownFileType = sourcecode.swift; path = "모음사전.swift"; sourceTree = "<group>"; };
		A6DB5681290A21E300A0BBD8 /* 2개 이하로 다른 비트.swift */ = {isa = PBXFileReference; lastKnownFileType = sourcecode.swift; path = "2개 이하로 다른 비트.swift"; sourceTree = "<group>"; };
		A6E5BED328E2D7EE00EBEF7E /* Algorithm_swfit */ = {isa = PBXFileReference; explicitFileType = "compiled.mach-o.executable"; includeInIndex = 0; path = Algorithm_swfit; sourceTree = BUILT_PRODUCTS_DIR; };
		A6E5BED628E2D7EE00EBEF7E /* 이진 변환 반복하기.swift */ = {isa = PBXFileReference; lastKnownFileType = sourcecode.swift; path = "이진 변환 반복하기.swift"; sourceTree = "<group>"; };
		A6F2BF0829348E2B004262BC /* 순위 검색.swift */ = {isa = PBXFileReference; lastKnownFileType = sourcecode.swift; path = "순위 검색.swift"; sourceTree = "<group>"; };
		A6F2BF0A2936F734004262BC /* 이중 우선 순위 큐.swift */ = {isa = PBXFileReference; lastKnownFileType = sourcecode.swift; path = "이중 우선 순위 큐.swift"; sourceTree = "<group>"; };
		A6F2BF0B29370E57004262BC /* 네트워크.swift */ = {isa = PBXFileReference; lastKnownFileType = sourcecode.swift; path = "네트워크.swift"; sourceTree = "<group>"; };
/* End PBXFileReference section */

/* Begin PBXFrameworksBuildPhase section */
		A6E5BED028E2D7EE00EBEF7E /* Frameworks */ = {
			isa = PBXFrameworksBuildPhase;
			buildActionMask = 2147483647;
			files = (
			);
			runOnlyForDeploymentPostprocessing = 0;
		};
/* End PBXFrameworksBuildPhase section */

/* Begin PBXGroup section */
		A6E5BECA28E2D7EE00EBEF7E = {
			isa = PBXGroup;
			children = (
				A6E5BED528E2D7EE00EBEF7E /* Algorithm_swfit */,
				A6E5BED428E2D7EE00EBEF7E /* Products */,
			);
			sourceTree = "<group>";
		};
		A6E5BED428E2D7EE00EBEF7E /* Products */ = {
			isa = PBXGroup;
			children = (
				A6E5BED328E2D7EE00EBEF7E /* Algorithm_swfit */,
			);
			name = Products;
			sourceTree = "<group>";
		};
		A6E5BED528E2D7EE00EBEF7E /* Algorithm_swfit */ = {
			isa = PBXGroup;
			children = (
				A6A90BF328E2D929000BA4E6 /* main.swift */,
				A6514B5C292F36590060F746 /* N-Queen.swift */,
				A6E5BED628E2D7EE00EBEF7E /* 이진 변환 반복하기.swift */,
				A690695C28ED42C70070676A /* H-Index!.swift */,
				A690695E28ED670F0070676A /* 괄호 회전하기.swift */,
				A690696028EE6BE00070676A /* 튜플!.swift */,
				A690696228EE7A900070676A /* n^2 배열 자르기!.swift */,
				A690696428EFB9F00070676A /* 기능 개발.swift */,
				A690696628EFDCC90070676A /* [1차] 뉴스 클러스터링.swift */,
				A690698B28F4F9B10070676A /* 프린터.swift */,
				A690698D28F50FF60070676A /* 타겟 넘버.swift */,
				A690699128F6509B0070676A /* 압축.swift */,
				A690699B28F7F8250070676A /* 오픈채팅방.swift */,
				A690699D28FCE6800070676A /* n진수 게임.swift */,
				A6DB56752906769100A0BBD8 /* 프렌즈4블록.swift */,
				A6DB56772907721300A0BBD8 /* 땅따먹기.swift */,
				A6DB56792907855D00A0BBD8 /* 스킬트리.swift */,
				A6DB567B2908CBC900A0BBD8 /* 방문 길이.swift */,
				A6DB567D29090FBA00A0BBD8 /* 파일명 정렬.swift */,
				A6DB567F290A0AAB00A0BBD8 /* 모음사전.swift */,
				A6DB5681290A21E300A0BBD8 /* 2개 이하로 다른 비트.swift */,
				A657639A290B759A00BE2B18 /* 다리를 지나는 트럭.swift */,
				A657639C290BA28700BE2B18 /* 가장 큰 수.swift */,
				A65763C0290F67F800BE2B18 /* 소수 찾기2.swift */,
				A65763D62910B85F00BE2B18 /* 쿼드압축 후 개수 세기.swift */,
				A65763DA2911F43A00BE2B18 /* 수식 최대화.swift */,
				A65763DC291210AC00BE2B18 /* 거리두기 확인하기.swift */,
				A65763DE2912518D00BE2B18 /* 순열.swift */,
				A65763E02912543400BE2B18 /* 조합.swift */,
				A6514AE5291399010060F746 /* 불량 사용자.swift */,
				A6514AE729149B470060F746 /* 보석 쇼핑.swift */,
				A6514AED291893CB0060F746 /* 할인 행사.swift */,
				A6514B0F2919FBAB0060F746 /* 큰 수 만들기.swift */,
				A6514B11291B3A020060F746 /* 삼각 달팽이.swift */,
				A6514B13291B595F0060F746 /* 메뉴 리뉴얼.swift */,
				A6514B1A291C93490060F746 /* 괄호 변환.swift */,
				A6514B1C291DD76F0060F746 /* 행렬 테두리 회전하기.swift */,
				A6514B1E291E2A440060F746 /* 방금 그곡.swift */,
				A6514B202921D8FF0060F746 /* 배달.swift */,
				A6514B46292201A00060F746 /* 가장 큰 정사각형 찾기.swift */,
				A6514B4B2924A6BE0060F746 /* 전력망을 둘로 나누기.swift */,
				A6514B4D2924B2BC0060F746 /* 멀쩡한 사각형.swift */,
				A6514B56292C6DCE0060F746 /* 문자열 압축.swift */,
				A6514B5A292DDC720060F746 /* 후보키.swift */,
				A6514B5B292F06AE0060F746 /* 조이스틱.swift */,
				A6F2BF0829348E2B004262BC /* 순위 검색.swift */,
				A6F2BF0A2936F734004262BC /* 이중 우선 순위 큐.swift */,
				A6F2BF0B29370E57004262BC /* 네트워크.swift */,
			);
			path = Algorithm_swfit;
			sourceTree = "<group>";
		};
/* End PBXGroup section */

/* Begin PBXNativeTarget section */
		A6E5BED228E2D7EE00EBEF7E /* Algorithm_swfit */ = {
			isa = PBXNativeTarget;
			buildConfigurationList = A6E5BEDA28E2D7EE00EBEF7E /* Build configuration list for PBXNativeTarget "Algorithm_swfit" */;
			buildPhases = (
				A6E5BECF28E2D7EE00EBEF7E /* Sources */,
				A6E5BED028E2D7EE00EBEF7E /* Frameworks */,
				A6E5BED128E2D7EE00EBEF7E /* CopyFiles */,
			);
			buildRules = (
			);
			dependencies = (
			);
			name = Algorithm_swfit;
			productName = Algorithm_swfit;
			productReference = A6E5BED328E2D7EE00EBEF7E /* Algorithm_swfit */;
			productType = "com.apple.product-type.tool";
		};
/* End PBXNativeTarget section */

/* Begin PBXProject section */
		A6E5BECB28E2D7EE00EBEF7E /* Project object */ = {
			isa = PBXProject;
			attributes = {
				BuildIndependentTargetsInParallel = 1;
				LastSwiftUpdateCheck = 1340;
				LastUpgradeCheck = 1340;
				TargetAttributes = {
					A6E5BED228E2D7EE00EBEF7E = {
						CreatedOnToolsVersion = 13.4.1;
					};
				};
			};
			buildConfigurationList = A6E5BECE28E2D7EE00EBEF7E /* Build configuration list for PBXProject "Algorithm_swfit" */;
			compatibilityVersion = "Xcode 13.0";
			developmentRegion = en;
			hasScannedForEncodings = 0;
			knownRegions = (
				en,
				Base,
			);
			mainGroup = A6E5BECA28E2D7EE00EBEF7E;
			productRefGroup = A6E5BED428E2D7EE00EBEF7E /* Products */;
			projectDirPath = "";
			projectRoot = "";
			targets = (
				A6E5BED228E2D7EE00EBEF7E /* Algorithm_swfit */,
			);
		};
/* End PBXProject section */

/* Begin PBXSourcesBuildPhase section */
		A6E5BECF28E2D7EE00EBEF7E /* Sources */ = {
			isa = PBXSourcesBuildPhase;
			buildActionMask = 2147483647;
			files = (
				A6A90BF728E2D969000BA4E6 /* main.swift in Sources */,
				A6514B47292201A00060F746 /* 가장 큰 정사각형 찾기.swift in Sources */,
			);
			runOnlyForDeploymentPostprocessing = 0;
		};
/* End PBXSourcesBuildPhase section */

/* Begin XCBuildConfiguration section */
		A6E5BED828E2D7EE00EBEF7E /* Debug */ = {
			isa = XCBuildConfiguration;
			buildSettings = {
				ALWAYS_SEARCH_USER_PATHS = NO;
				CLANG_ANALYZER_NONNULL = YES;
				CLANG_ANALYZER_NUMBER_OBJECT_CONVERSION = YES_AGGRESSIVE;
				CLANG_CXX_LANGUAGE_STANDARD = "gnu++17";
				CLANG_ENABLE_MODULES = YES;
				CLANG_ENABLE_OBJC_ARC = YES;
				CLANG_ENABLE_OBJC_WEAK = YES;
				CLANG_WARN_BLOCK_CAPTURE_AUTORELEASING = YES;
				CLANG_WARN_BOOL_CONVERSION = YES;
				CLANG_WARN_COMMA = YES;
				CLANG_WARN_CONSTANT_CONVERSION = YES;
				CLANG_WARN_DEPRECATED_OBJC_IMPLEMENTATIONS = YES;
				CLANG_WARN_DIRECT_OBJC_ISA_USAGE = YES_ERROR;
				CLANG_WARN_DOCUMENTATION_COMMENTS = YES;
				CLANG_WARN_EMPTY_BODY = YES;
				CLANG_WARN_ENUM_CONVERSION = YES;
				CLANG_WARN_INFINITE_RECURSION = YES;
				CLANG_WARN_INT_CONVERSION = YES;
				CLANG_WARN_NON_LITERAL_NULL_CONVERSION = YES;
				CLANG_WARN_OBJC_IMPLICIT_RETAIN_SELF = YES;
				CLANG_WARN_OBJC_LITERAL_CONVERSION = YES;
				CLANG_WARN_OBJC_ROOT_CLASS = YES_ERROR;
				CLANG_WARN_QUOTED_INCLUDE_IN_FRAMEWORK_HEADER = YES;
				CLANG_WARN_RANGE_LOOP_ANALYSIS = YES;
				CLANG_WARN_STRICT_PROTOTYPES = YES;
				CLANG_WARN_SUSPICIOUS_MOVE = YES;
				CLANG_WARN_UNGUARDED_AVAILABILITY = YES_AGGRESSIVE;
				CLANG_WARN_UNREACHABLE_CODE = YES;
				CLANG_WARN__DUPLICATE_METHOD_MATCH = YES;
				COPY_PHASE_STRIP = NO;
				DEBUG_INFORMATION_FORMAT = dwarf;
				ENABLE_STRICT_OBJC_MSGSEND = YES;
				ENABLE_TESTABILITY = YES;
				GCC_C_LANGUAGE_STANDARD = gnu11;
				GCC_DYNAMIC_NO_PIC = NO;
				GCC_NO_COMMON_BLOCKS = YES;
				GCC_OPTIMIZATION_LEVEL = 0;
				GCC_PREPROCESSOR_DEFINITIONS = (
					"DEBUG=1",
					"$(inherited)",
				);
				GCC_WARN_64_TO_32_BIT_CONVERSION = YES;
				GCC_WARN_ABOUT_RETURN_TYPE = YES_ERROR;
				GCC_WARN_UNDECLARED_SELECTOR = YES;
				GCC_WARN_UNINITIALIZED_AUTOS = YES_AGGRESSIVE;
				GCC_WARN_UNUSED_FUNCTION = YES;
				GCC_WARN_UNUSED_VARIABLE = YES;
				MACOSX_DEPLOYMENT_TARGET = 12.3;
				MTL_ENABLE_DEBUG_INFO = INCLUDE_SOURCE;
				MTL_FAST_MATH = YES;
				ONLY_ACTIVE_ARCH = YES;
				SDKROOT = macosx;
				SWIFT_ACTIVE_COMPILATION_CONDITIONS = DEBUG;
				SWIFT_OPTIMIZATION_LEVEL = "-Onone";
			};
			name = Debug;
		};
		A6E5BED928E2D7EE00EBEF7E /* Release */ = {
			isa = XCBuildConfiguration;
			buildSettings = {
				ALWAYS_SEARCH_USER_PATHS = NO;
				CLANG_ANALYZER_NONNULL = YES;
				CLANG_ANALYZER_NUMBER_OBJECT_CONVERSION = YES_AGGRESSIVE;
				CLANG_CXX_LANGUAGE_STANDARD = "gnu++17";
				CLANG_ENABLE_MODULES = YES;
				CLANG_ENABLE_OBJC_ARC = YES;
				CLANG_ENABLE_OBJC_WEAK = YES;
				CLANG_WARN_BLOCK_CAPTURE_AUTORELEASING = YES;
				CLANG_WARN_BOOL_CONVERSION = YES;
				CLANG_WARN_COMMA = YES;
				CLANG_WARN_CONSTANT_CONVERSION = YES;
				CLANG_WARN_DEPRECATED_OBJC_IMPLEMENTATIONS = YES;
				CLANG_WARN_DIRECT_OBJC_ISA_USAGE = YES_ERROR;
				CLANG_WARN_DOCUMENTATION_COMMENTS = YES;
				CLANG_WARN_EMPTY_BODY = YES;
				CLANG_WARN_ENUM_CONVERSION = YES;
				CLANG_WARN_INFINITE_RECURSION = YES;
				CLANG_WARN_INT_CONVERSION = YES;
				CLANG_WARN_NON_LITERAL_NULL_CONVERSION = YES;
				CLANG_WARN_OBJC_IMPLICIT_RETAIN_SELF = YES;
				CLANG_WARN_OBJC_LITERAL_CONVERSION = YES;
				CLANG_WARN_OBJC_ROOT_CLASS = YES_ERROR;
				CLANG_WARN_QUOTED_INCLUDE_IN_FRAMEWORK_HEADER = YES;
				CLANG_WARN_RANGE_LOOP_ANALYSIS = YES;
				CLANG_WARN_STRICT_PROTOTYPES = YES;
				CLANG_WARN_SUSPICIOUS_MOVE = YES;
				CLANG_WARN_UNGUARDED_AVAILABILITY = YES_AGGRESSIVE;
				CLANG_WARN_UNREACHABLE_CODE = YES;
				CLANG_WARN__DUPLICATE_METHOD_MATCH = YES;
				COPY_PHASE_STRIP = NO;
				DEBUG_INFORMATION_FORMAT = "dwarf-with-dsym";
				ENABLE_NS_ASSERTIONS = NO;
				ENABLE_STRICT_OBJC_MSGSEND = YES;
				GCC_C_LANGUAGE_STANDARD = gnu11;
				GCC_NO_COMMON_BLOCKS = YES;
				GCC_WARN_64_TO_32_BIT_CONVERSION = YES;
				GCC_WARN_ABOUT_RETURN_TYPE = YES_ERROR;
				GCC_WARN_UNDECLARED_SELECTOR = YES;
				GCC_WARN_UNINITIALIZED_AUTOS = YES_AGGRESSIVE;
				GCC_WARN_UNUSED_FUNCTION = YES;
				GCC_WARN_UNUSED_VARIABLE = YES;
				MACOSX_DEPLOYMENT_TARGET = 12.3;
				MTL_ENABLE_DEBUG_INFO = NO;
				MTL_FAST_MATH = YES;
				SDKROOT = macosx;
				SWIFT_COMPILATION_MODE = wholemodule;
				SWIFT_OPTIMIZATION_LEVEL = "-O";
			};
			name = Release;
		};
		A6E5BEDB28E2D7EE00EBEF7E /* Debug */ = {
			isa = XCBuildConfiguration;
			buildSettings = {
				CODE_SIGN_STYLE = Automatic;
				DEVELOPMENT_TEAM = 3N2D6D7SCN;
				ENABLE_HARDENED_RUNTIME = YES;
				PRODUCT_NAME = "$(TARGET_NAME)";
				SWIFT_VERSION = 5.0;
			};
			name = Debug;
		};
		A6E5BEDC28E2D7EE00EBEF7E /* Release */ = {
			isa = XCBuildConfiguration;
			buildSettings = {
				CODE_SIGN_STYLE = Automatic;
				DEVELOPMENT_TEAM = 3N2D6D7SCN;
				ENABLE_HARDENED_RUNTIME = YES;
				PRODUCT_NAME = "$(TARGET_NAME)";
				SWIFT_VERSION = 5.0;
			};
			name = Release;
		};
/* End XCBuildConfiguration section */

/* Begin XCConfigurationList section */
		A6E5BECE28E2D7EE00EBEF7E /* Build configuration list for PBXProject "Algorithm_swfit" */ = {
			isa = XCConfigurationList;
			buildConfigurations = (
				A6E5BED828E2D7EE00EBEF7E /* Debug */,
				A6E5BED928E2D7EE00EBEF7E /* Release */,
			);
			defaultConfigurationIsVisible = 0;
			defaultConfigurationName = Release;
		};
		A6E5BEDA28E2D7EE00EBEF7E /* Build configuration list for PBXNativeTarget "Algorithm_swfit" */ = {
			isa = XCConfigurationList;
			buildConfigurations = (
				A6E5BEDB28E2D7EE00EBEF7E /* Debug */,
				A6E5BEDC28E2D7EE00EBEF7E /* Release */,
			);
			defaultConfigurationIsVisible = 0;
			defaultConfigurationName = Release;
		};
/* End XCConfigurationList section */
	};
	rootObject = A6E5BECB28E2D7EE00EBEF7E /* Project object */;
}
